
Microsoft Visual Studio Solution File, Format Version 11.00
# Visual Studio 2010
Project("{FAE04EC0-301F-11D3-BF4B-00C04F79EFBC}") = "FCPS", "FCPS\FCPS.csproj", "{2E66B180-13DA-4ED9-8481-DCDCBCAC1669}"
EndProject
Project("{FAE04EC0-301F-11D3-BF4B-00C04F79EFBC}") = "FCPSService", "FCPSService\FCPSService.csproj", "{F06AF3C1-A18F-41A8-A4E5-3D6BF5758F79}"
EndProject
Global
	GlobalSection(SolutionConfigurationPlatforms) = preSolution
		Debug|Any CPU = Debug|Any CPU
		Release|Any CPU = Release|Any CPU
	EndGlobalSection
	GlobalSection(ProjectConfigurationPlatforms) = postSolution
		{2E66B180-13DA-4ED9-8481-DCDCBCAC1669}.Debug|Any CPU.ActiveCfg = Debug|Any CPU
		{2E66B180-13DA-4ED9-8481-DCDCBCAC1669}.Debug|Any CPU.Build.0 = Debug|Any CPU
		{2E66B180-13DA-4ED9-8481-DCDCBCAC1669}.Release|Any CPU.ActiveCfg = Release|Any CPU
		{2E66B180-13DA-4ED9-8481-DCDCBCAC1669}.Release|Any CPU.Build.0 = Release|Any CPU
		{F06AF3C1-A18F-41A8-A4E5-3D6BF5758F79}.Debug|Any CPU.ActiveCfg = Debug|Any CPU
		{F06AF3C1-A18F-41A8-A4E5-3D6BF5758F79}.Debug|Any CPU.Build.0 = Debug|Any CPU
		{F06AF3C1-A18F-41A8-A4E5-3D6BF5758F79}.Release|Any CPU.ActiveCfg = Release|Any CPU
		{F06AF3C1-A18F-41A8-A4E5-3D6BF5758F79}.Release|Any CPU.Build.0 = Release|Any CPU
	EndGlobalSection
	GlobalSection(SolutionProperties) = preSolution
		HideSolutionNode = FALSE
	EndGlobalSection
	GlobalSection(SpecExplorer.ActivityCompletionStatus) = preSolution
		SpecExplorer.ActivityCompletionStatus = 
	EndGlobalSection
EndGlobal
